
Microsoft Visual Studio Solution File, Format Version 12.00
# Visual Studio Version 17
VisualStudioVersion = 17.10.34928.147
MinimumVisualStudioVersion = 10.0.40219.1
Project("{9A19103F-16F7-4668-BE54-9A1E7A4F7556}") = "WebApi", "WebApi\WebApi.csproj", "{1B1A6E6E-833D-4560-8847-EA5EE3C06BD2}"
EndProject
Project("{9A19103F-16F7-4668-BE54-9A1E7A4F7556}") = "Application", "Application\Application.csproj", "{DDF17816-80CD-44A2-8FA8-DEC4CF5A61B4}"
EndProject
Project("{FAE04EC0-301F-11D3-BF4B-00C04F79EFBC}") = "ClickUpSDK", "ClickUpClient\ClickUpSDK.csproj", "{0B4944AB-C84A-4E8B-A750-EA48562D14B6}"
EndProject
Project("{FAE04EC0-301F-11D3-BF4B-00C04F79EFBC}") = "Kodo", "Kodo\Kodo.csproj", "{E5FF6B4A-D512-4667-866C-00F5AC5DBBB7}"
EndProject
Project("{FAE04EC0-301F-11D3-BF4B-00C04F79EFBC}") = "Infrastructure", "Infrastructure\Infrastructure.csproj", "{341C5C17-5194-4CBB-9408-1F24B31EA62A}"
EndProject
Global
	GlobalSection(SolutionConfigurationPlatforms) = preSolution
		Debug|Any CPU = Debug|Any CPU
		Release|Any CPU = Release|Any CPU
	EndGlobalSection
	GlobalSection(ProjectConfigurationPlatforms) = postSolution
		{1B1A6E6E-833D-4560-8847-EA5EE3C06BD2}.Debug|Any CPU.ActiveCfg = Debug|Any CPU
		{1B1A6E6E-833D-4560-8847-EA5EE3C06BD2}.Debug|Any CPU.Build.0 = Debug|Any CPU
		{1B1A6E6E-833D-4560-8847-EA5EE3C06BD2}.Release|Any CPU.ActiveCfg = Release|Any CPU
		{1B1A6E6E-833D-4560-8847-EA5EE3C06BD2}.Release|Any CPU.Build.0 = Release|Any CPU
		{DDF17816-80CD-44A2-8FA8-DEC4CF5A61B4}.Debug|Any CPU.ActiveCfg = Debug|Any CPU
		{DDF17816-80CD-44A2-8FA8-DEC4CF5A61B4}.Debug|Any CPU.Build.0 = Debug|Any CPU
		{DDF17816-80CD-44A2-8FA8-DEC4CF5A61B4}.Release|Any CPU.ActiveCfg = Release|Any CPU
		{DDF17816-80CD-44A2-8FA8-DEC4CF5A61B4}.Release|Any CPU.Build.0 = Release|Any CPU
		{0B4944AB-C84A-4E8B-A750-EA48562D14B6}.Debug|Any CPU.ActiveCfg = Debug|Any CPU
		{0B4944AB-C84A-4E8B-A750-EA48562D14B6}.Debug|Any CPU.Build.0 = Debug|Any CPU
		{0B4944AB-C84A-4E8B-A750-EA48562D14B6}.Release|Any CPU.ActiveCfg = Release|Any CPU
		{0B4944AB-C84A-4E8B-A750-EA48562D14B6}.Release|Any CPU.Build.0 = Release|Any CPU
		{E5FF6B4A-D512-4667-866C-00F5AC5DBBB7}.Debug|Any CPU.ActiveCfg = Debug|Any CPU
		{E5FF6B4A-D512-4667-866C-00F5AC5DBBB7}.Debug|Any CPU.Build.0 = Debug|Any CPU
		{E5FF6B4A-D512-4667-866C-00F5AC5DBBB7}.Release|Any CPU.ActiveCfg = Release|Any CPU
		{E5FF6B4A-D512-4667-866C-00F5AC5DBBB7}.Release|Any CPU.Build.0 = Release|Any CPU
		{341C5C17-5194-4CBB-9408-1F24B31EA62A}.Debug|Any CPU.ActiveCfg = Debug|Any CPU
		{341C5C17-5194-4CBB-9408-1F24B31EA62A}.Debug|Any CPU.Build.0 = Debug|Any CPU
		{341C5C17-5194-4CBB-9408-1F24B31EA62A}.Release|Any CPU.ActiveCfg = Release|Any CPU
		{341C5C17-5194-4CBB-9408-1F24B31EA62A}.Release|Any CPU.Build.0 = Release|Any CPU
	EndGlobalSection
	GlobalSection(SolutionProperties) = preSolution
		HideSolutionNode = FALSE
	EndGlobalSection
	GlobalSection(ExtensibilityGlobals) = postSolution
		SolutionGuid = {0189CF63-FFAC-4978-B376-2F2A35BAB92B}
	EndGlobalSection
EndGlobal
